
Microsoft Visual Studio Solution File, Format Version 12.00
# Visual Studio Version 16
VisualStudioVersion = 16.0.29209.62
MinimumVisualStudioVersion = 10.0.40219.1
Project("{FAE04EC0-301F-11D3-BF4B-00C04F79EFBC}") = "XMLParse", "XMLParse.csproj", "{8998517D-B4FE-4979-A8E6-5704E4422271}"
EndProject
Global
	GlobalSection(SolutionConfigurationPlatforms) = preSolution
		Debug|Any CPU = Debug|Any CPU
		Release|Any CPU = Release|Any CPU
	EndGlobalSection
	GlobalSection(ProjectConfigurationPlatforms) = postSolution
		{8998517D-B4FE-4979-A8E6-5704E4422271}.Debug|Any CPU.ActiveCfg = Debug|Any CPU
		{8998517D-B4FE-4979-A8E6-5704E4422271}.Debug|Any CPU.Build.0 = Debug|Any CPU
		{8998517D-B4FE-4979-A8E6-5704E4422271}.Release|Any CPU.ActiveCfg = Release|Any CPU
		{8998517D-B4FE-4979-A8E6-5704E4422271}.Release|Any CPU.Build.0 = Release|Any CPU
	EndGlobalSection
	GlobalSection(SolutionProperties) = preSolution
		HideSolutionNode = FALSE
	EndGlobalSection
	GlobalSection(ExtensibilityGlobals) = postSolution
		SolutionGuid = {C7EEEBE0-54A0-4495-9882-7B512A88428F}
	EndGlobalSection
EndGlobal
